
Microsoft Visual Studio Solution File, Format Version 12.00
# Visual Studio Version 16
VisualStudioVersion = 16.0.29409.12
MinimumVisualStudioVersion = 10.0.40219.1
Project("{9A19103F-16F7-4668-BE54-9A1E7A4F7556}") = "GrpcPocServer", "GrpcPoc\GrpcPocServer.csproj", "{BF4F9A4B-C2A0-47C0-A65C-6CB91E12E1F1}"
EndProject
Project("{9A19103F-16F7-4668-BE54-9A1E7A4F7556}") = "GrpcPocClient", "GrpcPocClient\GrpcPocClient.csproj", "{ED5D3BF8-5DD9-41A0-8F55-F37FF9DBE7C1}"
EndProject
Global
	GlobalSection(SolutionConfigurationPlatforms) = preSolution
		Debug|Any CPU = Debug|Any CPU
		Release|Any CPU = Release|Any CPU
	EndGlobalSection
	GlobalSection(ProjectConfigurationPlatforms) = postSolution
		{BF4F9A4B-C2A0-47C0-A65C-6CB91E12E1F1}.Debug|Any CPU.ActiveCfg = Debug|Any CPU
		{BF4F9A4B-C2A0-47C0-A65C-6CB91E12E1F1}.Debug|Any CPU.Build.0 = Debug|Any CPU
		{BF4F9A4B-C2A0-47C0-A65C-6CB91E12E1F1}.Release|Any CPU.ActiveCfg = Release|Any CPU
		{BF4F9A4B-C2A0-47C0-A65C-6CB91E12E1F1}.Release|Any CPU.Build.0 = Release|Any CPU
		{ED5D3BF8-5DD9-41A0-8F55-F37FF9DBE7C1}.Debug|Any CPU.ActiveCfg = Debug|Any CPU
		{ED5D3BF8-5DD9-41A0-8F55-F37FF9DBE7C1}.Debug|Any CPU.Build.0 = Debug|Any CPU
		{ED5D3BF8-5DD9-41A0-8F55-F37FF9DBE7C1}.Release|Any CPU.ActiveCfg = Release|Any CPU
		{ED5D3BF8-5DD9-41A0-8F55-F37FF9DBE7C1}.Release|Any CPU.Build.0 = Release|Any CPU
	EndGlobalSection
	GlobalSection(SolutionProperties) = preSolution
		HideSolutionNode = FALSE
	EndGlobalSection
	GlobalSection(ExtensibilityGlobals) = postSolution
		SolutionGuid = {5FBD8433-CB29-480C-ABF7-EF821F645268}
	EndGlobalSection
EndGlobal
